{
  "name": "regionalization-website",
  "version": "1.0.0",
  "lockfileVersion": 1,
  "requires": true,
  "dependencies": {
    "bootstrap4c-chosen": {
      "version": "1.0.6",
      "resolved": "https://registry.npmjs.org/bootstrap4c-chosen/-/bootstrap4c-chosen-1.0.6.tgz",
      "integrity": "sha512-zpFbej4nVNGKe1yofp5nbGlkJ7rIkvRmszo6pmzG/O7DNeGUwliIvb7fWBvu+mJtKTIBifAue/Yy1dGtOJn9Vw=="
    }
  }
}
